// !$*UTF8*$!
{
	archiveVersion = 1;
	classes = {
	};
	objectVersion = 46;
	objects = {

/* Begin PBXBuildFile section */
		D6CE38F41F252BF700CB053D /* main.m in Sources */ = {isa = PBXBuildFile; fileRef = D6CE38F31F252BF700CB053D /* main.m */; };
		D6CE38F71F252BF800CB053D /* AppDelegate.m in Sources */ = {isa = PBXBuildFile; fileRef = D6CE38F61F252BF800CB053D /* AppDelegate.m */; };
		D6CE38FA1F252BF800CB053D /* chatViewController.m in Sources */ = {isa = PBXBuildFile; fileRef = D6CE38F91F252BF800CB053D /* chatViewController.m */; };
		D6CE38FD1F252BF800CB053D /* Main.storyboard in Resources */ = {isa = PBXBuildFile; fileRef = D6CE38FB1F252BF800CB053D /* Main.storyboard */; };
		D6CE38FF1F252BF800CB053D /* Assets.xcassets in Resources */ = {isa = PBXBuildFile; fileRef = D6CE38FE1F252BF800CB053D /* Assets.xcassets */; };
		D6CE39021F252BF800CB053D /* LaunchScreen.storyboard in Resources */ = {isa = PBXBuildFile; fileRef = D6CE39001F252BF800CB053D /* LaunchScreen.storyboard */; };
		D6CE39111F252EFE00CB053D /* LoginViewController.m in Sources */ = {isa = PBXBuildFile; fileRef = D6CE39101F252EFE00CB053D /* LoginViewController.m */; };
		D6CE39141F252F1500CB053D /* RegistrationViewController.m in Sources */ = {isa = PBXBuildFile; fileRef = D6CE39131F252F1500CB053D /* RegistrationViewController.m */; };
/* End PBXBuildFile section */

/* Begin PBXFileReference section */
		D6CE38EF1F252BF700CB053D /* ChatApp.app */ = {isa = PBXFileReference; explicitFileType = wrapper.application; includeInIndex = 0; path = ChatApp.app; sourceTree = BUILT_PRODUCTS_DIR; };
		D6CE38F31F252BF700CB053D /* main.m */ = {isa = PBXFileReference; lastKnownFileType = sourcecode.c.objc; path = main.m; sourceTree = "<group>"; };
		D6CE38F51F252BF700CB053D /* AppDelegate.h */ = {isa = PBXFileReference; lastKnownFileType = sourcecode.c.h; path = AppDelegate.h; sourceTree = "<group>"; };
		D6CE38F61F252BF800CB053D /* AppDelegate.m */ = {isa = PBXFileReference; lastKnownFileType = sourcecode.c.objc; path = AppDelegate.m; sourceTree = "<group>"; };
		D6CE38F81F252BF800CB053D /* chatViewController.h */ = {isa = PBXFileReference; lastKnownFileType = sourcecode.c.h; path = chatViewController.h; sourceTree = "<group>"; };
		D6CE38F91F252BF800CB053D /* chatViewController.m */ = {isa = PBXFileReference; lastKnownFileType = sourcecode.c.objc; path = chatViewController.m; sourceTree = "<group>"; };
		D6CE38FC1F252BF800CB053D /* Base */ = {isa = PBXFileReference; lastKnownFileType = file.storyboard; name = Base; path = Base.lproj/Main.storyboard; sourceTree = "<group>"; };
		D6CE38FE1F252BF800CB053D /* Assets.xcassets */ = {isa = PBXFileReference; lastKnownFileType = folder.assetcatalog; path = Assets.xcassets; sourceTree = "<group>"; };
		D6CE39011F252BF800CB053D /* Base */ = {isa = PBXFileReference; lastKnownFileType = file.storyboard; name = Base; path = Base.lproj/LaunchScreen.storyboard; sourceTree = "<group>"; };
		D6CE39031F252BF800CB053D /* Info.plist */ = {isa = PBXFileReference; lastKnownFileType = text.plist.xml; path = Info.plist; sourceTree = "<group>"; };
		D6CE390F1F252EFE00CB053D /* LoginViewController.h */ = {isa = PBXFileReference; fileEncoding = 4; lastKnownFileType = sourcecode.c.h; path = LoginViewController.h; sourceTree = "<group>"; };
		D6CE39101F252EFE00CB053D /* LoginViewController.m */ = {isa = PBXFileReference; fileEncoding = 4; lastKnownFileType = sourcecode.c.objc; path = LoginViewController.m; sourceTree = "<group>"; };
		D6CE39121F252F1500CB053D /* RegistrationViewController.h */ = {isa = PBXFileReference; fileEncoding = 4; lastKnownFileType = sourcecode.c.h; path = RegistrationViewController.h; sourceTree = "<group>"; };
		D6CE39131F252F1500CB053D /* RegistrationViewController.m */ = {isa = PBXFileReference; fileEncoding = 4; lastKnownFileType = sourcecode.c.objc; path = RegistrationViewController.m; sourceTree = "<group>"; };
/* End PBXFileReference section */

/* Begin PBXFrameworksBuildPhase section */
		D6CE38EC1F252BF700CB053D /* Frameworks */ = {
			isa = PBXFrameworksBuildPhase;
			buildActionMask = 2147483647;
			files = (
			);
			runOnlyForDeploymentPostprocessing = 0;
		};
/* End PBXFrameworksBuildPhase section */

/* Begin PBXGroup section */
		D6CE38E61F252BF700CB053D = {
			isa = PBXGroup;
			children = (
				D6CE38F11F252BF700CB053D /* ChatApp */,
				D6CE38F01F252BF700CB053D /* Products */,
			);
			sourceTree = "<group>";
		};
		D6CE38F01F252BF700CB053D /* Products */ = {
			isa = PBXGroup;
			children = (
				D6CE38EF1F252BF700CB053D /* ChatApp.app */,
			);
			name = Products;
			sourceTree = "<group>";
		};
		D6CE38F11F252BF700CB053D /* ChatApp */ = {
			isa = PBXGroup;
			children = (
				D6CE390E1F252E6600CB053D /* ViewControllers */,
				D6CE390A1F252E2E00CB053D /* Resources */,
				D6CE39091F252E2000CB053D /* AppDelegate */,
				D6CE38F21F252BF700CB053D /* Supporting Files */,
			);
			path = ChatApp;
			sourceTree = "<group>";
		};
		D6CE38F21F252BF700CB053D /* Supporting Files */ = {
			isa = PBXGroup;
			children = (
				D6CE38F31F252BF700CB053D /* main.m */,
			);
			name = "Supporting Files";
			sourceTree = "<group>";
		};
		D6CE39091F252E2000CB053D /* AppDelegate */ = {
			isa = PBXGroup;
			children = (
				D6CE38F51F252BF700CB053D /* AppDelegate.h */,
				D6CE38F61F252BF800CB053D /* AppDelegate.m */,
			);
			name = AppDelegate;
			sourceTree = "<group>";
		};
		D6CE390A1F252E2E00CB053D /* Resources */ = {
			isa = PBXGroup;
			children = (
				D6CE390D1F252E4D00CB053D /* Assets */,
				D6CE390C1F252E4000CB053D /* StoryBoard */,
				D6CE390B1F252E3900CB053D /* Plist */,
			);
			name = Resources;
			sourceTree = "<group>";
		};
		D6CE390B1F252E3900CB053D /* Plist */ = {
			isa = PBXGroup;
			children = (
				D6CE39031F252BF800CB053D /* Info.plist */,
			);
			name = Plist;
			sourceTree = "<group>";
		};
		D6CE390C1F252E4000CB053D /* StoryBoard */ = {
			isa = PBXGroup;
			children = (
				D6CE38FB1F252BF800CB053D /* Main.storyboard */,
				D6CE39001F252BF800CB053D /* LaunchScreen.storyboard */,
			);
			name = StoryBoard;
			sourceTree = "<group>";
		};
		D6CE390D1F252E4D00CB053D /* Assets */ = {
			isa = PBXGroup;
			children = (
				D6CE38FE1F252BF800CB053D /* Assets.xcassets */,
			);
			name = Assets;
			sourceTree = "<group>";
		};
		D6CE390E1F252E6600CB053D /* ViewControllers */ = {
			isa = PBXGroup;
			children = (
				D6CE38F81F252BF800CB053D /* chatViewController.h */,
				D6CE38F91F252BF800CB053D /* chatViewController.m */,
				D6CE390F1F252EFE00CB053D /* LoginViewController.h */,
				D6CE39101F252EFE00CB053D /* LoginViewController.m */,
				D6CE39121F252F1500CB053D /* RegistrationViewController.h */,
				D6CE39131F252F1500CB053D /* RegistrationViewController.m */,
			);
			name = ViewControllers;
			sourceTree = "<group>";
		};
/* End PBXGroup section */

/* Begin PBXNativeTarget section */
		D6CE38EE1F252BF700CB053D /* ChatApp */ = {
			isa = PBXNativeTarget;
			buildConfigurationList = D6CE39061F252BF800CB053D /* Build configuration list for PBXNativeTarget "ChatApp" */;
			buildPhases = (
				D6CE38EB1F252BF700CB053D /* Sources */,
				D6CE38EC1F252BF700CB053D /* Frameworks */,
				D6CE38ED1F252BF700CB053D /* Resources */,
			);
			buildRules = (
			);
			dependencies = (
			);
			name = ChatApp;
			productName = ChatApp;
			productReference = D6CE38EF1F252BF700CB053D /* ChatApp.app */;
			productType = "com.apple.product-type.application";
		};
/* End PBXNativeTarget section */

/* Begin PBXProject section */
		D6CE38E71F252BF700CB053D /* Project object */ = {
			isa = PBXProject;
			attributes = {
				LastUpgradeCheck = 0830;
				ORGANIZATIONNAME = "pradeep gunasekaran";
				TargetAttributes = {
					D6CE38EE1F252BF700CB053D = {
						CreatedOnToolsVersion = 8.3.3;
						DevelopmentTeam = EF77LAX8R3;
						ProvisioningStyle = Automatic;
					};
				};
			};
			buildConfigurationList = D6CE38EA1F252BF700CB053D /* Build configuration list for PBXProject "ChatApp" */;
			compatibilityVersion = "Xcode 3.2";
			developmentRegion = English;
			hasScannedForEncodings = 0;
			knownRegions = (
				en,
				Base,
			);
			mainGroup = D6CE38E61F252BF700CB053D;
			productRefGroup = D6CE38F01F252BF700CB053D /* Products */;
			projectDirPath = "";
			projectRoot = "";
			targets = (
				D6CE38EE1F252BF700CB053D /* ChatApp */,
			);
		};
/* End PBXProject section */

/* Begin PBXResourcesBuildPhase section */
		D6CE38ED1F252BF700CB053D /* Resources */ = {
			isa = PBXResourcesBuildPhase;
			buildActionMask = 2147483647;
			files = (
				D6CE39021F252BF800CB053D /* LaunchScreen.storyboard in Resources */,
				D6CE38FF1F252BF800CB053D /* Assets.xcassets in Resources */,
				D6CE38FD1F252BF800CB053D /* Main.storyboard in Resources */,
			);
			runOnlyForDeploymentPostprocessing = 0;
		};
/* End PBXResourcesBuildPhase section */

/* Begin PBXSourcesBuildPhase section */
		D6CE38EB1F252BF700CB053D /* Sources */ = {
			isa = PBXSourcesBuildPhase;
			buildActionMask = 2147483647;
			files = (
				D6CE39111F252EFE00CB053D /* LoginViewController.m in Sources */,
				D6CE38FA1F252BF800CB053D /* chatViewController.m in Sources */,
				D6CE39141F252F1500CB053D /* RegistrationViewController.m in Sources */,
				D6CE38F71F252BF800CB053D /* AppDelegate.m in Sources */,
				D6CE38F41F252BF700CB053D /* main.m in Sources */,
			);
			runOnlyForDeploymentPostprocessing = 0;
		};
/* End PBXSourcesBuildPhase section */

/* Begin PBXVariantGroup section */
		D6CE38FB1F252BF800CB053D /* Main.storyboard */ = {
			isa = PBXVariantGroup;
			children = (
				D6CE38FC1F252BF800CB053D /* Base */,
			);
			name = Main.storyboard;
			sourceTree = "<group>";
		};
		D6CE39001F252BF800CB053D /* LaunchScreen.storyboard */ = {
			isa = PBXVariantGroup;
			children = (
				D6CE39011F252BF800CB053D /* Base */,
			);
			name = LaunchScreen.storyboard;
			sourceTree = "<group>";
		};
/* End PBXVariantGroup section */

/* Begin XCBuildConfiguration section */
		D6CE39041F252BF800CB053D /* Debug */ = {
			isa = XCBuildConfiguration;
			buildSettings = {
				ALWAYS_SEARCH_USER_PATHS = NO;
				CLANG_ANALYZER_NONNULL = YES;
				CLANG_ANALYZER_NUMBER_OBJECT_CONVERSION = YES_AGGRESSIVE;
				CLANG_CXX_LANGUAGE_STANDARD = "gnu++0x";
				CLANG_CXX_LIBRARY = "libc++";
				CLANG_ENABLE_MODULES = YES;
				CLANG_ENABLE_OBJC_ARC = YES;
				CLANG_WARN_BOOL_CONVERSION = YES;
				CLANG_WARN_CONSTANT_CONVERSION = YES;
				CLANG_WARN_DIRECT_OBJC_ISA_USAGE = YES_ERROR;
				CLANG_WARN_DOCUMENTATION_COMMENTS = YES;
				CLANG_WARN_EMPTY_BODY = YES;
				CLANG_WARN_ENUM_CONVERSION = YES;
				CLANG_WARN_INFINITE_RECURSION = YES;
				CLANG_WARN_INT_CONVERSION = YES;
				CLANG_WARN_OBJC_ROOT_CLASS = YES_ERROR;
				CLANG_WARN_SUSPICIOUS_MOVE = YES;
				CLANG_WARN_UNREACHABLE_CODE = YES;
				CLANG_WARN__DUPLICATE_METHOD_MATCH = YES;
				"CODE_SIGN_IDENTITY[sdk=iphoneos*]" = "iPhone Developer";
				COPY_PHASE_STRIP = NO;
				DEBUG_INFORMATION_FORMAT = dwarf;
				ENABLE_STRICT_OBJC_MSGSEND = YES;
				ENABLE_TESTABILITY = YES;
				GCC_C_LANGUAGE_STANDARD = gnu99;
				GCC_DYNAMIC_NO_PIC = NO;
				GCC_NO_COMMON_BLOCKS = YES;
				GCC_OPTIMIZATION_LEVEL = 0;
				GCC_PREPROCESSOR_DEFINITIONS = (
					"DEBUG=1",
					"$(inherited)",
				);
				GCC_WARN_64_TO_32_BIT_CONVERSION = YES;
				GCC_WARN_ABOUT_RETURN_TYPE = YES_ERROR;
				GCC_WARN_UNDECLARED_SELECTOR = YES;
				GCC_WARN_UNINITIALIZED_AUTOS = YES_AGGRESSIVE;
				GCC_WARN_UNUSED_FUNCTION = YES;
				GCC_WARN_UNUSED_VARIABLE = YES;
				IPHONEOS_DEPLOYMENT_TARGET = 10.3;
				MTL_ENABLE_DEBUG_INFO = YES;
				ONLY_ACTIVE_ARCH = YES;
				SDKROOT = iphoneos;
				TARGETED_DEVICE_FAMILY = "1,2";
			};
			name = Debug;
		};
		D6CE39051F252BF800CB053D /* Release */ = {
			isa = XCBuildConfiguration;
			buildSettings = {
				ALWAYS_SEARCH_USER_PATHS = NO;
				CLANG_ANALYZER_NONNULL = YES;
				CLANG_ANALYZER_NUMBER_OBJECT_CONVERSION = YES_AGGRESSIVE;
				CLANG_CXX_LANGUAGE_STANDARD = "gnu++0x";
				CLANG_CXX_LIBRARY = "libc++";
				CLANG_ENABLE_MODULES = YES;
				CLANG_ENABLE_OBJC_ARC = YES;
				CLANG_WARN_BOOL_CONVERSION = YES;
				CLANG_WARN_CONSTANT_CONVERSION = YES;
				CLANG_WARN_DIRECT_OBJC_ISA_USAGE = YES_ERROR;
				CLANG_WARN_DOCUMENTATION_COMMENTS = YES;
				CLANG_WARN_EMPTY_BODY = YES;
				CLANG_WARN_ENUM_CONVERSION = YES;
				CLANG_WARN_INFINITE_RECURSION = YES;
				CLANG_WARN_INT_CONVERSION = YES;
				CLANG_WARN_OBJC_ROOT_CLASS = YES_ERROR;
				CLANG_WARN_SUSPICIOUS_MOVE = YES;
				CLANG_WARN_UNREACHABLE_CODE = YES;
				CLANG_WARN__DUPLICATE_METHOD_MATCH = YES;
				"CODE_SIGN_IDENTITY[sdk=iphoneos*]" = "iPhone Developer";
				COPY_PHASE_STRIP = NO;
				DEBUG_INFORMATION_FORMAT = "dwarf-with-dsym";
				ENABLE_NS_ASSERTIONS = NO;
				ENABLE_STRICT_OBJC_MSGSEND = YES;
				GCC_C_LANGUAGE_STANDARD = gnu99;
				GCC_NO_COMMON_BLOCKS = YES;
				GCC_WARN_64_TO_32_BIT_CONVERSION = YES;
				GCC_WARN_ABOUT_RETURN_TYPE = YES_ERROR;
				GCC_WARN_UNDECLARED_SELECTOR = YES;
				GCC_WARN_UNINITIALIZED_AUTOS = YES_AGGRESSIVE;
				GCC_WARN_UNUSED_FUNCTION = YES;
				GCC_WARN_UNUSED_VARIABLE = YES;
				IPHONEOS_DEPLOYMENT_TARGET = 10.3;
				MTL_ENABLE_DEBUG_INFO = NO;
				SDKROOT = iphoneos;
				TARGETED_DEVICE_FAMILY = "1,2";
				VALIDATE_PRODUCT = YES;
			};
			name = Release;
		};
		D6CE39071F252BF800CB053D /* Debug */ = {
			isa = XCBuildConfiguration;
			buildSettings = {
				ASSETCATALOG_COMPILER_APPICON_NAME = AppIcon;
				DEVELOPMENT_TEAM = EF77LAX8R3;
				INFOPLIST_FILE = ChatApp/Info.plist;
				LD_RUNPATH_SEARCH_PATHS = "$(inherited) @executable_path/Frameworks";
				PRODUCT_BUNDLE_IDENTIFIER = pradeep.ChatApp;
				PRODUCT_NAME = "$(TARGET_NAME)";
			};
			name = Debug;
		};
		D6CE39081F252BF800CB053D /* Release */ = {
			isa = XCBuildConfiguration;
			buildSettings = {
				ASSETCATALOG_COMPILER_APPICON_NAME = AppIcon;
				DEVELOPMENT_TEAM = EF77LAX8R3;
				INFOPLIST_FILE = ChatApp/Info.plist;
				LD_RUNPATH_SEARCH_PATHS = "$(inherited) @executable_path/Frameworks";
				PRODUCT_BUNDLE_IDENTIFIER = pradeep.ChatApp;
				PRODUCT_NAME = "$(TARGET_NAME)";
			};
			name = Release;
		};
/* End XCBuildConfiguration section */

/* Begin XCConfigurationList section */
		D6CE38EA1F252BF700CB053D /* Build configuration list for PBXProject "ChatApp" */ = {
			isa = XCConfigurationList;
			buildConfigurations = (
				D6CE39041F252BF800CB053D /* Debug */,
				D6CE39051F252BF800CB053D /* Release */,
			);
			defaultConfigurationIsVisible = 0;
			defaultConfigurationName = Release;
		};
		D6CE39061F252BF800CB053D /* Build configuration list for PBXNativeTarget "ChatApp" */ = {
			isa = XCConfigurationList;
			buildConfigurations = (
				D6CE39071F252BF800CB053D /* Debug */,
				D6CE39081F252BF800CB053D /* Release */,
			);
			defaultConfigurationIsVisible = 0;
			defaultConfigurationName = Release;
		};
/* End XCConfigurationList section */
	};
	rootObject = D6CE38E71F252BF700CB053D /* Project object */;
}
